
Microsoft Visual Studio Solution File, Format Version 12.00
# Visual Studio Version 16
# This file is part of CSLibreCell.
# 
# CSLibreCell is free software: you can redistribute it and/or modify
# it under the terms of the GNU General Public License as published by
# the Free Software Foundation, either version 3 of the License, or
# (at your option) any later version.
# 
# CSLibreCell is distributed in the hope that it will be useful,
# but WITHOUT ANY WARRANTY; without even the implied warranty of
# MERCHANTABILITY or FITNESS FOR A PARTICULAR PURPOSE.  See the
# GNU General Public License for more details.
# 
# You should have received a copy of the GNU General Public License
# along with CSLibreCell.  If not, see <http://www.gnu.org/licenses/>.
VisualStudioVersion = 16.0.31005.135
MinimumVisualStudioVersion = 10.0.40219.1
Project("{FAE04EC0-301F-11D3-BF4B-00C04F79EFBC}") = "CSLibreCell", "CSLibreCell\CSLibreCell.csproj", "{BC50B458-5054-4E67-A8B9-34B32A35C310}"
EndProject
Project("{FAE04EC0-301F-11D3-BF4B-00C04F79EFBC}") = "CoreTest", "CoreTest\CoreTest.csproj", "{91FB8FCE-F049-4713-A47D-062D1B2550DA}"
EndProject
Project("{FAE04EC0-301F-11D3-BF4B-00C04F79EFBC}") = "Core", "Core\Core.csproj", "{3BF01EB6-D77E-4586-AD8C-AB858F213437}"
EndProject
Project("{2150E333-8FDC-42A3-9474-1A3956D46DE8}") = "Solution Items", "Solution Items", "{EDBA2D21-3BC7-41FD-B9EB-25F8DB018587}"
	ProjectSection(SolutionItems) = preProject
		CSLibreCell.ruleset = CSLibreCell.ruleset
		LICENSE = LICENSE
		README.md = README.md
	EndProjectSection
EndProject
Project("{2150E333-8FDC-42A3-9474-1A3956D46DE8}") = "sample", "sample", "{76DD072D-5BB3-4A0D-B856-EA0855CAEABA}"
	ProjectSection(SolutionItems) = preProject
		sample\config.json = sample\config.json
	EndProjectSection
EndProject
Global
	GlobalSection(SolutionConfigurationPlatforms) = preSolution
		Debug|Any CPU = Debug|Any CPU
		Release|Any CPU = Release|Any CPU
	EndGlobalSection
	GlobalSection(ProjectConfigurationPlatforms) = postSolution
		{BC50B458-5054-4E67-A8B9-34B32A35C310}.Debug|Any CPU.ActiveCfg = Debug|Any CPU
		{BC50B458-5054-4E67-A8B9-34B32A35C310}.Debug|Any CPU.Build.0 = Debug|Any CPU
		{BC50B458-5054-4E67-A8B9-34B32A35C310}.Release|Any CPU.ActiveCfg = Release|Any CPU
		{BC50B458-5054-4E67-A8B9-34B32A35C310}.Release|Any CPU.Build.0 = Release|Any CPU
		{91FB8FCE-F049-4713-A47D-062D1B2550DA}.Debug|Any CPU.ActiveCfg = Debug|Any CPU
		{91FB8FCE-F049-4713-A47D-062D1B2550DA}.Debug|Any CPU.Build.0 = Debug|Any CPU
		{91FB8FCE-F049-4713-A47D-062D1B2550DA}.Release|Any CPU.ActiveCfg = Release|Any CPU
		{3BF01EB6-D77E-4586-AD8C-AB858F213437}.Debug|Any CPU.ActiveCfg = Debug|Any CPU
		{3BF01EB6-D77E-4586-AD8C-AB858F213437}.Debug|Any CPU.Build.0 = Debug|Any CPU
		{3BF01EB6-D77E-4586-AD8C-AB858F213437}.Release|Any CPU.ActiveCfg = Release|Any CPU
		{3BF01EB6-D77E-4586-AD8C-AB858F213437}.Release|Any CPU.Build.0 = Release|Any CPU
	EndGlobalSection
	GlobalSection(SolutionProperties) = preSolution
		HideSolutionNode = FALSE
	EndGlobalSection
	GlobalSection(NestedProjects) = preSolution
		{76DD072D-5BB3-4A0D-B856-EA0855CAEABA} = {EDBA2D21-3BC7-41FD-B9EB-25F8DB018587}
	EndGlobalSection
	GlobalSection(ExtensibilityGlobals) = postSolution
		SolutionGuid = {B110EB62-6533-4D8C-818E-ABD4B09E80DE}
	EndGlobalSection
EndGlobal
